
Microsoft Visual Studio Solution File, Format Version 12.00
# Visual Studio 15
VisualStudioVersion = 15.0.28307.1062
MinimumVisualStudioVersion = 10.0.40219.1
Project("{FAE04EC0-301F-11D3-BF4B-00C04F79EFBC}") = "практика 2.0", "практика 2.0\практика 2.0.csproj", "{6A2F4DC5-8141-48FB-B604-C5417BCFE0AC}"
EndProject
Global
	GlobalSection(SolutionConfigurationPlatforms) = preSolution
		Debug|Any CPU = Debug|Any CPU
		Release|Any CPU = Release|Any CPU
	EndGlobalSection
	GlobalSection(ProjectConfigurationPlatforms) = postSolution
		{6A2F4DC5-8141-48FB-B604-C5417BCFE0AC}.Debug|Any CPU.ActiveCfg = Debug|Any CPU
		{6A2F4DC5-8141-48FB-B604-C5417BCFE0AC}.Debug|Any CPU.Build.0 = Debug|Any CPU
		{6A2F4DC5-8141-48FB-B604-C5417BCFE0AC}.Release|Any CPU.ActiveCfg = Release|Any CPU
		{6A2F4DC5-8141-48FB-B604-C5417BCFE0AC}.Release|Any CPU.Build.0 = Release|Any CPU
	EndGlobalSection
	GlobalSection(SolutionProperties) = preSolution
		HideSolutionNode = FALSE
	EndGlobalSection
	GlobalSection(ExtensibilityGlobals) = postSolution
		SolutionGuid = {24235A52-9EC2-4373-8F3D-3399EA2AA74E}
	EndGlobalSection
EndGlobal
