
Microsoft Visual Studio Solution File, Format Version 12.00
# Visual Studio 15
VisualStudioVersion = 15.0.28307.1062
MinimumVisualStudioVersion = 10.0.40219.1
Project("{FAE04EC0-301F-11D3-BF4B-00C04F79EFBC}") = "глава 28", "глава 28\глава 28.csproj", "{34DE2999-4475-4FFF-B17D-F426A1341B65}"
EndProject
Global
	GlobalSection(SolutionConfigurationPlatforms) = preSolution
		Debug|Any CPU = Debug|Any CPU
		Release|Any CPU = Release|Any CPU
	EndGlobalSection
	GlobalSection(ProjectConfigurationPlatforms) = postSolution
		{34DE2999-4475-4FFF-B17D-F426A1341B65}.Debug|Any CPU.ActiveCfg = Debug|Any CPU
		{34DE2999-4475-4FFF-B17D-F426A1341B65}.Debug|Any CPU.Build.0 = Debug|Any CPU
		{34DE2999-4475-4FFF-B17D-F426A1341B65}.Release|Any CPU.ActiveCfg = Release|Any CPU
		{34DE2999-4475-4FFF-B17D-F426A1341B65}.Release|Any CPU.Build.0 = Release|Any CPU
	EndGlobalSection
	GlobalSection(SolutionProperties) = preSolution
		HideSolutionNode = FALSE
	EndGlobalSection
	GlobalSection(ExtensibilityGlobals) = postSolution
		SolutionGuid = {2A8F2C8E-6352-46B9-8768-E2E1E06E0E17}
	EndGlobalSection
EndGlobal
