
Microsoft Visual Studio Solution File, Format Version 12.00
# Visual Studio 15
VisualStudioVersion = 15.0.28307.1062
MinimumVisualStudioVersion = 10.0.40219.1
Project("{FAE04EC0-301F-11D3-BF4B-00C04F79EFBC}") = "глава 14", "глава 14\глава 14.csproj", "{B48BDF96-2C13-4C78-A8FB-54154055D365}"
EndProject
Global
	GlobalSection(SolutionConfigurationPlatforms) = preSolution
		Debug|Any CPU = Debug|Any CPU
		Release|Any CPU = Release|Any CPU
	EndGlobalSection
	GlobalSection(ProjectConfigurationPlatforms) = postSolution
		{B48BDF96-2C13-4C78-A8FB-54154055D365}.Debug|Any CPU.ActiveCfg = Debug|Any CPU
		{B48BDF96-2C13-4C78-A8FB-54154055D365}.Debug|Any CPU.Build.0 = Debug|Any CPU
		{B48BDF96-2C13-4C78-A8FB-54154055D365}.Release|Any CPU.ActiveCfg = Release|Any CPU
		{B48BDF96-2C13-4C78-A8FB-54154055D365}.Release|Any CPU.Build.0 = Release|Any CPU
	EndGlobalSection
	GlobalSection(SolutionProperties) = preSolution
		HideSolutionNode = FALSE
	EndGlobalSection
	GlobalSection(ExtensibilityGlobals) = postSolution
		SolutionGuid = {14D9BDD2-382F-4A9E-B5E6-C1CEE6ECA2F5}
	EndGlobalSection
EndGlobal
