
Microsoft Visual Studio Solution File, Format Version 12.00
# Visual Studio 15
VisualStudioVersion = 15.0.28307.1062
MinimumVisualStudioVersion = 10.0.40219.1
Project("{FAE04EC0-301F-11D3-BF4B-00C04F79EFBC}") = "глава 23 с комментариями", "глава 23 с комментариями\глава 23 с комментариями.csproj", "{D6099561-72B8-4A1F-B9BC-C4FEB84CEB4C}"
EndProject
Global
	GlobalSection(SolutionConfigurationPlatforms) = preSolution
		Debug|Any CPU = Debug|Any CPU
		Release|Any CPU = Release|Any CPU
	EndGlobalSection
	GlobalSection(ProjectConfigurationPlatforms) = postSolution
		{D6099561-72B8-4A1F-B9BC-C4FEB84CEB4C}.Debug|Any CPU.ActiveCfg = Debug|Any CPU
		{D6099561-72B8-4A1F-B9BC-C4FEB84CEB4C}.Debug|Any CPU.Build.0 = Debug|Any CPU
		{D6099561-72B8-4A1F-B9BC-C4FEB84CEB4C}.Release|Any CPU.ActiveCfg = Release|Any CPU
		{D6099561-72B8-4A1F-B9BC-C4FEB84CEB4C}.Release|Any CPU.Build.0 = Release|Any CPU
	EndGlobalSection
	GlobalSection(SolutionProperties) = preSolution
		HideSolutionNode = FALSE
	EndGlobalSection
	GlobalSection(ExtensibilityGlobals) = postSolution
		SolutionGuid = {94ABF39B-2603-4A08-906D-A4D28D93BB3F}
	EndGlobalSection
EndGlobal
