
Microsoft Visual Studio Solution File, Format Version 12.00
# Visual Studio 15
VisualStudioVersion = 15.0.28307.1062
MinimumVisualStudioVersion = 10.0.40219.1
Project("{FAE04EC0-301F-11D3-BF4B-00C04F79EFBC}") = "aaaaaaaaaaaaaaaaaaaaaaa", "aaaaaaaaaaaaaaaaaaaaaaa\aaaaaaaaaaaaaaaaaaaaaaa.csproj", "{1BE3EAE3-FD5B-43E4-B23E-6A6DFEC1D516}"
EndProject
Global
	GlobalSection(SolutionConfigurationPlatforms) = preSolution
		Debug|Any CPU = Debug|Any CPU
		Release|Any CPU = Release|Any CPU
	EndGlobalSection
	GlobalSection(ProjectConfigurationPlatforms) = postSolution
		{1BE3EAE3-FD5B-43E4-B23E-6A6DFEC1D516}.Debug|Any CPU.ActiveCfg = Debug|Any CPU
		{1BE3EAE3-FD5B-43E4-B23E-6A6DFEC1D516}.Debug|Any CPU.Build.0 = Debug|Any CPU
		{1BE3EAE3-FD5B-43E4-B23E-6A6DFEC1D516}.Release|Any CPU.ActiveCfg = Release|Any CPU
		{1BE3EAE3-FD5B-43E4-B23E-6A6DFEC1D516}.Release|Any CPU.Build.0 = Release|Any CPU
	EndGlobalSection
	GlobalSection(SolutionProperties) = preSolution
		HideSolutionNode = FALSE
	EndGlobalSection
	GlobalSection(ExtensibilityGlobals) = postSolution
		SolutionGuid = {6D32D035-DEDB-4F4F-ADC3-7C4F3FA11591}
	EndGlobalSection
EndGlobal
